
Microsoft Visual Studio Solution File, Format Version 10.00
# Visual Studio 2008
Project("{FAE04EC0-301F-11D3-BF4B-00C04F79EFBC}") = "LineChar", "LineChar\LineChar.csproj", "{B733C7AD-9700-4E80-8AD6-444B5918180B}"
EndProject
Global
	GlobalSection(SolutionConfigurationPlatforms) = preSolution
		Debug|Any CPU = Debug|Any CPU
		Release|Any CPU = Release|Any CPU
	EndGlobalSection
	GlobalSection(ProjectConfigurationPlatforms) = postSolution
		{B733C7AD-9700-4E80-8AD6-444B5918180B}.Debug|Any CPU.ActiveCfg = Debug|Any CPU
		{B733C7AD-9700-4E80-8AD6-444B5918180B}.Debug|Any CPU.Build.0 = Debug|Any CPU
		{B733C7AD-9700-4E80-8AD6-444B5918180B}.Release|Any CPU.ActiveCfg = Release|Any CPU
		{B733C7AD-9700-4E80-8AD6-444B5918180B}.Release|Any CPU.Build.0 = Release|Any CPU
	EndGlobalSection
	GlobalSection(SolutionProperties) = preSolution
		HideSolutionNode = FALSE
	EndGlobalSection
EndGlobal
